
Microsoft Visual Studio Solution File, Format Version 12.00
# Visual Studio Version 16
VisualStudioVersion = 16.0.30621.155
MinimumVisualStudioVersion = 10.0.40219.1
Project("{FAE04EC0-301F-11D3-BF4B-00C04F79EFBC}") = "Assignment1", "Assignment1.csproj", "{869715B5-D96B-4BE7-A1F5-D5A2F32DC57A}"
EndProject
Global
	GlobalSection(SolutionConfigurationPlatforms) = preSolution
		Debug|Any CPU = Debug|Any CPU
		Release|Any CPU = Release|Any CPU
	EndGlobalSection
	GlobalSection(ProjectConfigurationPlatforms) = postSolution
		{869715B5-D96B-4BE7-A1F5-D5A2F32DC57A}.Debug|Any CPU.ActiveCfg = Debug|Any CPU
		{869715B5-D96B-4BE7-A1F5-D5A2F32DC57A}.Debug|Any CPU.Build.0 = Debug|Any CPU
		{869715B5-D96B-4BE7-A1F5-D5A2F32DC57A}.Release|Any CPU.ActiveCfg = Release|Any CPU
		{869715B5-D96B-4BE7-A1F5-D5A2F32DC57A}.Release|Any CPU.Build.0 = Release|Any CPU
	EndGlobalSection
	GlobalSection(SolutionProperties) = preSolution
		HideSolutionNode = FALSE
	EndGlobalSection
	GlobalSection(ExtensibilityGlobals) = postSolution
		SolutionGuid = {B9C74E3E-A586-4196-98A5-BA4D1703D63B}
	EndGlobalSection
EndGlobal
